
Microsoft Visual Studio Solution File, Format Version 12.00
# Visual Studio 15
VisualStudioVersion = 15.0.27130.2027
MinimumVisualStudioVersion = 10.0.40219.1
Project("{FAE04EC0-301F-11D3-BF4B-00C04F79EFBC}") = "Motio2", "Motio2\Motio2.csproj", "{E1E6E2D2-8DA7-46F9-9552-40C1901FAE25}"
EndProject
Project("{FAE04EC0-301F-11D3-BF4B-00C04F79EFBC}") = "Motio.NodeCore", "Motio.NodeCore\Motio.NodeCore.csproj", "{57BE1E04-9EA5-4983-B7EB-FFE6B2905EE0}"
EndProject
Project("{FAE04EC0-301F-11D3-BF4B-00C04F79EFBC}") = "Motio.ObjectStoring", "ObjectStoring\Motio.ObjectStoring.csproj", "{6109F5A5-86E0-4DDE-8C33-C9731F19D6AD}"
EndProject
Project("{FAE04EC0-301F-11D3-BF4B-00C04F79EFBC}") = "Motio.Debuging", "Debuging\Motio.Debuging.csproj", "{7AD0D374-375B-40FD-845D-584C26DD7868}"
EndProject
Project("{FAE04EC0-301F-11D3-BF4B-00C04F79EFBC}") = "Motio.PythonRunning", "Motio.PythonRunning\Motio.PythonRunning.csproj", "{C93FAE68-3980-416F-9F61-57B080801031}"
EndProject
Project("{FAE04EC0-301F-11D3-BF4B-00C04F79EFBC}") = "Motio.Animation", "Motio.Animation\Motio.Animation.csproj", "{195634C0-2C0C-4831-A422-128E155BF6DA}"
EndProject
Project("{FAE04EC0-301F-11D3-BF4B-00C04F79EFBC}") = "Motio.Geometry", "Motio.Geometry\Motio.Geometry.csproj", "{6EAD4F4D-DBBC-4A4E-8AC2-29B319D3797E}"
EndProject
Project("{FAE04EC0-301F-11D3-BF4B-00C04F79EFBC}") = "Motio.Animation.UnitTests", "tests\Motio.Animation.UnitTests\Motio.Animation.UnitTests.csproj", "{05CCA8D1-C5EE-4197-9477-965E08BFBB43}"
EndProject
Project("{FAE04EC0-301F-11D3-BF4B-00C04F79EFBC}") = "Motio.Configuration", "Motio.Configuration\Motio.Configuration.csproj", "{25127B8D-EF2A-4B7A-94AB-EE340BF7C637}"
EndProject
Project("{FAE04EC0-301F-11D3-BF4B-00C04F79EFBC}") = "Motio.Meshing", "Motio.Meshing\Motio.Meshing.csproj", "{9DE67E81-D2D9-40D9-9ECE-CE7DC0FF6AC2}"
EndProject
Project("{FAE04EC0-301F-11D3-BF4B-00C04F79EFBC}") = "Motio.Graphics", "Motio.Graphics\Motio.Graphics.csproj", "{5AE1A397-B171-499E-B3DE-2DCB4030A741}"
EndProject
Project("{FAE04EC0-301F-11D3-BF4B-00C04F79EFBC}") = "Motio.NodeCommon", "Motio.NodeCommon\Motio.NodeCommon.csproj", "{F4FBEAEE-CE5F-475C-9B07-5359C3235429}"
EndProject
Project("{FAE04EC0-301F-11D3-BF4B-00C04F79EFBC}") = "Motio.NodeImpl", "Motio.NodeImpl\Motio.NodeImpl.csproj", "{297C6DBF-3D1B-4030-AB3C-485C9AB592C6}"
EndProject
Project("{FAE04EC0-301F-11D3-BF4B-00C04F79EFBC}") = "Motio.UI", "Motio.UI\Motio.UI.csproj", "{93E81944-AAF2-496A-8379-C604C194B8E5}"
EndProject
Project("{FAE04EC0-301F-11D3-BF4B-00C04F79EFBC}") = "Motio.ClickLogic", "Motio.ClickLogic\Motio.ClickLogic.csproj", "{1A5A197D-FAFB-483A-B4F5-58FAF2A57E78}"
EndProject
Project("{FAE04EC0-301F-11D3-BF4B-00C04F79EFBC}") = "Motio.UICommon", "Motio.UICommon\Motio.UICommon.csproj", "{25734C18-1391-477C-B67B-0FC9CC207254}"
EndProject
Project("{FAE04EC0-301F-11D3-BF4B-00C04F79EFBC}") = "Motio.Selecting", "Motio.Selecting\Motio.Selecting.csproj", "{6E82B4A6-98CA-4544-9CEB-28D5859C903C}"
EndProject
Project("{FAE04EC0-301F-11D3-BF4B-00C04F79EFBC}") = "Motio.ValueConverters", "Motio.ValueConverters\Motio.ValueConverters.csproj", "{42754B7B-8C61-4968-86DB-E24D2CF2A18A}"
EndProject
Project("{FAE04EC0-301F-11D3-BF4B-00C04F79EFBC}") = "Poly2Tri", "Poly2Tri\Poly2Tri.csproj", "{C5E5802D-6A45-4FE9-BAE7-5F0AE91D72C1}"
EndProject
Project("{FAE04EC0-301F-11D3-BF4B-00C04F79EFBC}") = "Motio.Pathing", "Motio.Pathing\Motio.Pathing.csproj", "{465C39BB-046B-4958-94E7-BDDBE066DD28}"
EndProject
Project("{FAE04EC0-301F-11D3-BF4B-00C04F79EFBC}") = "Motio.Renderers", "Motio.Renderers\Motio.Renderers.csproj", "{2BE6FEC1-990A-4BC9-8A7B-3BE8A13E4300}"
EndProject
Project("{FAE04EC0-301F-11D3-BF4B-00C04F79EFBC}") = "Motio.Undoing", "Motio.Undoing\Motio.Undoing.csproj", "{28D41FED-393C-445D-BA6A-8AE11F2EEBCB}"
EndProject
Project("{FAE04EC0-301F-11D3-BF4B-00C04F79EFBC}") = "Motio.GLWrapper", "Motio.GLWrapper\Motio.GLWrapper.csproj", "{8FFF6B21-759B-43F5-B04D-E1B544CECD6F}"
EndProject
Project("{FAE04EC0-301F-11D3-BF4B-00C04F79EFBC}") = "MS.ZoomableCanvas", "MS.ZoomableCanvas\MS.ZoomableCanvas.csproj", "{A1F89A83-4C47-4F04-9638-41E7D9E46AF0}"
EndProject
Project("{FAE04EC0-301F-11D3-BF4B-00C04F79EFBC}") = "Motio.FontTesselation", "Motio.FontTesselation\Motio.FontTesselation.csproj", "{5AC0539D-36B9-4496-B2E7-2CB3EA7DFD39}"
EndProject
Project("{FAE04EC0-301F-11D3-BF4B-00C04F79EFBC}") = "Motio.CSharp2Py", "Motio.CSharp2Py\Motio.CSharp2Py.csproj", "{5BE04AC7-D592-4CEC-8E7C-D4BB68DC37BA}"
EndProject
Project("{FAE04EC0-301F-11D3-BF4B-00C04F79EFBC}") = "clipper_library", "clipper_library\clipper_library.csproj", "{9B062971-A88E-4A3D-B3C9-12B78D15FA66}"
EndProject
Project("{FAE04EC0-301F-11D3-BF4B-00C04F79EFBC}") = "Triangle", "Triangle\Triangle.csproj", "{F7907A0A-B75F-400B-9E78-BFAD00DB4D6B}"
EndProject
Project("{FAE04EC0-301F-11D3-BF4B-00C04F79EFBC}") = "Motio.Publisher", "Motio.Publisher\Motio.Publisher.csproj", "{519C1040-B4FD-4A7B-A726-D95C078D1B7E}"
EndProject
Project("{FAE04EC0-301F-11D3-BF4B-00C04F79EFBC}") = "Motio.Boolean", "Motio.Boolean\Motio.Boolean.csproj", "{1CBFC6B8-5501-4D5F-8734-C3E448CD2865}"
EndProject
Project("{FAE04EC0-301F-11D3-BF4B-00C04F79EFBC}") = "Motio.Rendering", "Motio.Rendering\Motio.Rendering.csproj", "{FFC27947-BB4C-4D0A-A669-7A41741F9D28}"
EndProject
Global
	GlobalSection(SolutionConfigurationPlatforms) = preSolution
		Debug|Any CPU = Debug|Any CPU
		Debug|x86 = Debug|x86
		Release|Any CPU = Release|Any CPU
		Release|x86 = Release|x86
	EndGlobalSection
	GlobalSection(ProjectConfigurationPlatforms) = postSolution
		{E1E6E2D2-8DA7-46F9-9552-40C1901FAE25}.Debug|Any CPU.ActiveCfg = Debug|Any CPU
		{E1E6E2D2-8DA7-46F9-9552-40C1901FAE25}.Debug|Any CPU.Build.0 = Debug|Any CPU
		{E1E6E2D2-8DA7-46F9-9552-40C1901FAE25}.Debug|x86.ActiveCfg = Debug|Any CPU
		{E1E6E2D2-8DA7-46F9-9552-40C1901FAE25}.Debug|x86.Build.0 = Debug|Any CPU
		{E1E6E2D2-8DA7-46F9-9552-40C1901FAE25}.Release|Any CPU.ActiveCfg = Release|Any CPU
		{E1E6E2D2-8DA7-46F9-9552-40C1901FAE25}.Release|Any CPU.Build.0 = Release|Any CPU
		{E1E6E2D2-8DA7-46F9-9552-40C1901FAE25}.Release|x86.ActiveCfg = Release|Any CPU
		{E1E6E2D2-8DA7-46F9-9552-40C1901FAE25}.Release|x86.Build.0 = Release|Any CPU
		{57BE1E04-9EA5-4983-B7EB-FFE6B2905EE0}.Debug|Any CPU.ActiveCfg = Debug|Any CPU
		{57BE1E04-9EA5-4983-B7EB-FFE6B2905EE0}.Debug|Any CPU.Build.0 = Debug|Any CPU
		{57BE1E04-9EA5-4983-B7EB-FFE6B2905EE0}.Debug|x86.ActiveCfg = Debug|Any CPU
		{57BE1E04-9EA5-4983-B7EB-FFE6B2905EE0}.Debug|x86.Build.0 = Debug|Any CPU
		{57BE1E04-9EA5-4983-B7EB-FFE6B2905EE0}.Release|Any CPU.ActiveCfg = Release|Any CPU
		{57BE1E04-9EA5-4983-B7EB-FFE6B2905EE0}.Release|Any CPU.Build.0 = Release|Any CPU
		{57BE1E04-9EA5-4983-B7EB-FFE6B2905EE0}.Release|x86.ActiveCfg = Release|Any CPU
		{57BE1E04-9EA5-4983-B7EB-FFE6B2905EE0}.Release|x86.Build.0 = Release|Any CPU
		{6109F5A5-86E0-4DDE-8C33-C9731F19D6AD}.Debug|Any CPU.ActiveCfg = Debug|Any CPU
		{6109F5A5-86E0-4DDE-8C33-C9731F19D6AD}.Debug|Any CPU.Build.0 = Debug|Any CPU
		{6109F5A5-86E0-4DDE-8C33-C9731F19D6AD}.Debug|x86.ActiveCfg = Debug|Any CPU
		{6109F5A5-86E0-4DDE-8C33-C9731F19D6AD}.Debug|x86.Build.0 = Debug|Any CPU
		{6109F5A5-86E0-4DDE-8C33-C9731F19D6AD}.Release|Any CPU.ActiveCfg = Release|Any CPU
		{6109F5A5-86E0-4DDE-8C33-C9731F19D6AD}.Release|Any CPU.Build.0 = Release|Any CPU
		{6109F5A5-86E0-4DDE-8C33-C9731F19D6AD}.Release|x86.ActiveCfg = Release|Any CPU
		{6109F5A5-86E0-4DDE-8C33-C9731F19D6AD}.Release|x86.Build.0 = Release|Any CPU
		{7AD0D374-375B-40FD-845D-584C26DD7868}.Debug|Any CPU.ActiveCfg = Debug|Any CPU
		{7AD0D374-375B-40FD-845D-584C26DD7868}.Debug|Any CPU.Build.0 = Debug|Any CPU
		{7AD0D374-375B-40FD-845D-584C26DD7868}.Debug|x86.ActiveCfg = Debug|Any CPU
		{7AD0D374-375B-40FD-845D-584C26DD7868}.Debug|x86.Build.0 = Debug|Any CPU
		{7AD0D374-375B-40FD-845D-584C26DD7868}.Release|Any CPU.ActiveCfg = Release|Any CPU
		{7AD0D374-375B-40FD-845D-584C26DD7868}.Release|Any CPU.Build.0 = Release|Any CPU
		{7AD0D374-375B-40FD-845D-584C26DD7868}.Release|x86.ActiveCfg = Release|Any CPU
		{7AD0D374-375B-40FD-845D-584C26DD7868}.Release|x86.Build.0 = Release|Any CPU
		{C93FAE68-3980-416F-9F61-57B080801031}.Debug|Any CPU.ActiveCfg = Debug|Any CPU
		{C93FAE68-3980-416F-9F61-57B080801031}.Debug|Any CPU.Build.0 = Debug|Any CPU
		{C93FAE68-3980-416F-9F61-57B080801031}.Debug|x86.ActiveCfg = Debug|Any CPU
		{C93FAE68-3980-416F-9F61-57B080801031}.Debug|x86.Build.0 = Debug|Any CPU
		{C93FAE68-3980-416F-9F61-57B080801031}.Release|Any CPU.ActiveCfg = Release|Any CPU
		{C93FAE68-3980-416F-9F61-57B080801031}.Release|Any CPU.Build.0 = Release|Any CPU
		{C93FAE68-3980-416F-9F61-57B080801031}.Release|x86.ActiveCfg = Release|Any CPU
		{C93FAE68-3980-416F-9F61-57B080801031}.Release|x86.Build.0 = Release|Any CPU
		{195634C0-2C0C-4831-A422-128E155BF6DA}.Debug|Any CPU.ActiveCfg = Debug|Any CPU
		{195634C0-2C0C-4831-A422-128E155BF6DA}.Debug|Any CPU.Build.0 = Debug|Any CPU
		{195634C0-2C0C-4831-A422-128E155BF6DA}.Debug|x86.ActiveCfg = Debug|Any CPU
		{195634C0-2C0C-4831-A422-128E155BF6DA}.Debug|x86.Build.0 = Debug|Any CPU
		{195634C0-2C0C-4831-A422-128E155BF6DA}.Release|Any CPU.ActiveCfg = Release|Any CPU
		{195634C0-2C0C-4831-A422-128E155BF6DA}.Release|Any CPU.Build.0 = Release|Any CPU
		{195634C0-2C0C-4831-A422-128E155BF6DA}.Release|x86.ActiveCfg = Release|Any CPU
		{195634C0-2C0C-4831-A422-128E155BF6DA}.Release|x86.Build.0 = Release|Any CPU
		{6EAD4F4D-DBBC-4A4E-8AC2-29B319D3797E}.Debug|Any CPU.ActiveCfg = Debug|Any CPU
		{6EAD4F4D-DBBC-4A4E-8AC2-29B319D3797E}.Debug|Any CPU.Build.0 = Debug|Any CPU
		{6EAD4F4D-DBBC-4A4E-8AC2-29B319D3797E}.Debug|x86.ActiveCfg = Debug|Any CPU
		{6EAD4F4D-DBBC-4A4E-8AC2-29B319D3797E}.Debug|x86.Build.0 = Debug|Any CPU
		{6EAD4F4D-DBBC-4A4E-8AC2-29B319D3797E}.Release|Any CPU.ActiveCfg = Release|Any CPU
		{6EAD4F4D-DBBC-4A4E-8AC2-29B319D3797E}.Release|Any CPU.Build.0 = Release|Any CPU
		{6EAD4F4D-DBBC-4A4E-8AC2-29B319D3797E}.Release|x86.ActiveCfg = Release|Any CPU
		{6EAD4F4D-DBBC-4A4E-8AC2-29B319D3797E}.Release|x86.Build.0 = Release|Any CPU
		{05CCA8D1-C5EE-4197-9477-965E08BFBB43}.Debug|Any CPU.ActiveCfg = Debug|Any CPU
		{05CCA8D1-C5EE-4197-9477-965E08BFBB43}.Debug|Any CPU.Build.0 = Debug|Any CPU
		{05CCA8D1-C5EE-4197-9477-965E08BFBB43}.Debug|x86.ActiveCfg = Debug|Any CPU
		{05CCA8D1-C5EE-4197-9477-965E08BFBB43}.Debug|x86.Build.0 = Debug|Any CPU
		{05CCA8D1-C5EE-4197-9477-965E08BFBB43}.Release|Any CPU.ActiveCfg = Release|Any CPU
		{05CCA8D1-C5EE-4197-9477-965E08BFBB43}.Release|Any CPU.Build.0 = Release|Any CPU
		{05CCA8D1-C5EE-4197-9477-965E08BFBB43}.Release|x86.ActiveCfg = Release|Any CPU
		{05CCA8D1-C5EE-4197-9477-965E08BFBB43}.Release|x86.Build.0 = Release|Any CPU
		{25127B8D-EF2A-4B7A-94AB-EE340BF7C637}.Debug|Any CPU.ActiveCfg = Debug|Any CPU
		{25127B8D-EF2A-4B7A-94AB-EE340BF7C637}.Debug|Any CPU.Build.0 = Debug|Any CPU
		{25127B8D-EF2A-4B7A-94AB-EE340BF7C637}.Debug|x86.ActiveCfg = Debug|Any CPU
		{25127B8D-EF2A-4B7A-94AB-EE340BF7C637}.Debug|x86.Build.0 = Debug|Any CPU
		{25127B8D-EF2A-4B7A-94AB-EE340BF7C637}.Release|Any CPU.ActiveCfg = Release|Any CPU
		{25127B8D-EF2A-4B7A-94AB-EE340BF7C637}.Release|Any CPU.Build.0 = Release|Any CPU
		{25127B8D-EF2A-4B7A-94AB-EE340BF7C637}.Release|x86.ActiveCfg = Release|Any CPU
		{25127B8D-EF2A-4B7A-94AB-EE340BF7C637}.Release|x86.Build.0 = Release|Any CPU
		{9DE67E81-D2D9-40D9-9ECE-CE7DC0FF6AC2}.Debug|Any CPU.ActiveCfg = Debug|Any CPU
		{9DE67E81-D2D9-40D9-9ECE-CE7DC0FF6AC2}.Debug|Any CPU.Build.0 = Debug|Any CPU
		{9DE67E81-D2D9-40D9-9ECE-CE7DC0FF6AC2}.Debug|x86.ActiveCfg = Debug|Any CPU
		{9DE67E81-D2D9-40D9-9ECE-CE7DC0FF6AC2}.Debug|x86.Build.0 = Debug|Any CPU
		{9DE67E81-D2D9-40D9-9ECE-CE7DC0FF6AC2}.Release|Any CPU.ActiveCfg = Release|Any CPU
		{9DE67E81-D2D9-40D9-9ECE-CE7DC0FF6AC2}.Release|Any CPU.Build.0 = Release|Any CPU
		{9DE67E81-D2D9-40D9-9ECE-CE7DC0FF6AC2}.Release|x86.ActiveCfg = Release|Any CPU
		{9DE67E81-D2D9-40D9-9ECE-CE7DC0FF6AC2}.Release|x86.Build.0 = Release|Any CPU
		{5AE1A397-B171-499E-B3DE-2DCB4030A741}.Debug|Any CPU.ActiveCfg = Debug|Any CPU
		{5AE1A397-B171-499E-B3DE-2DCB4030A741}.Debug|Any CPU.Build.0 = Debug|Any CPU
		{5AE1A397-B171-499E-B3DE-2DCB4030A741}.Debug|x86.ActiveCfg = Debug|Any CPU
		{5AE1A397-B171-499E-B3DE-2DCB4030A741}.Debug|x86.Build.0 = Debug|Any CPU
		{5AE1A397-B171-499E-B3DE-2DCB4030A741}.Release|Any CPU.ActiveCfg = Release|Any CPU
		{5AE1A397-B171-499E-B3DE-2DCB4030A741}.Release|Any CPU.Build.0 = Release|Any CPU
		{5AE1A397-B171-499E-B3DE-2DCB4030A741}.Release|x86.ActiveCfg = Release|Any CPU
		{5AE1A397-B171-499E-B3DE-2DCB4030A741}.Release|x86.Build.0 = Release|Any CPU
		{F4FBEAEE-CE5F-475C-9B07-5359C3235429}.Debug|Any CPU.ActiveCfg = Debug|Any CPU
		{F4FBEAEE-CE5F-475C-9B07-5359C3235429}.Debug|Any CPU.Build.0 = Debug|Any CPU
		{F4FBEAEE-CE5F-475C-9B07-5359C3235429}.Debug|x86.ActiveCfg = Debug|Any CPU
		{F4FBEAEE-CE5F-475C-9B07-5359C3235429}.Debug|x86.Build.0 = Debug|Any CPU
		{F4FBEAEE-CE5F-475C-9B07-5359C3235429}.Release|Any CPU.ActiveCfg = Release|Any CPU
		{F4FBEAEE-CE5F-475C-9B07-5359C3235429}.Release|Any CPU.Build.0 = Release|Any CPU
		{F4FBEAEE-CE5F-475C-9B07-5359C3235429}.Release|x86.ActiveCfg = Release|Any CPU
		{F4FBEAEE-CE5F-475C-9B07-5359C3235429}.Release|x86.Build.0 = Release|Any CPU
		{297C6DBF-3D1B-4030-AB3C-485C9AB592C6}.Debug|Any CPU.ActiveCfg = Debug|Any CPU
		{297C6DBF-3D1B-4030-AB3C-485C9AB592C6}.Debug|Any CPU.Build.0 = Debug|Any CPU
		{297C6DBF-3D1B-4030-AB3C-485C9AB592C6}.Debug|x86.ActiveCfg = Debug|Any CPU
		{297C6DBF-3D1B-4030-AB3C-485C9AB592C6}.Debug|x86.Build.0 = Debug|Any CPU
		{297C6DBF-3D1B-4030-AB3C-485C9AB592C6}.Release|Any CPU.ActiveCfg = Release|Any CPU
		{297C6DBF-3D1B-4030-AB3C-485C9AB592C6}.Release|Any CPU.Build.0 = Release|Any CPU
		{297C6DBF-3D1B-4030-AB3C-485C9AB592C6}.Release|x86.ActiveCfg = Release|Any CPU
		{297C6DBF-3D1B-4030-AB3C-485C9AB592C6}.Release|x86.Build.0 = Release|Any CPU
		{93E81944-AAF2-496A-8379-C604C194B8E5}.Debug|Any CPU.ActiveCfg = Debug|Any CPU
		{93E81944-AAF2-496A-8379-C604C194B8E5}.Debug|Any CPU.Build.0 = Debug|Any CPU
		{93E81944-AAF2-496A-8379-C604C194B8E5}.Debug|x86.ActiveCfg = Debug|Any CPU
		{93E81944-AAF2-496A-8379-C604C194B8E5}.Debug|x86.Build.0 = Debug|Any CPU
		{93E81944-AAF2-496A-8379-C604C194B8E5}.Release|Any CPU.ActiveCfg = Release|Any CPU
		{93E81944-AAF2-496A-8379-C604C194B8E5}.Release|Any CPU.Build.0 = Release|Any CPU
		{93E81944-AAF2-496A-8379-C604C194B8E5}.Release|x86.ActiveCfg = Release|Any CPU
		{93E81944-AAF2-496A-8379-C604C194B8E5}.Release|x86.Build.0 = Release|Any CPU
		{1A5A197D-FAFB-483A-B4F5-58FAF2A57E78}.Debug|Any CPU.ActiveCfg = Debug|Any CPU
		{1A5A197D-FAFB-483A-B4F5-58FAF2A57E78}.Debug|Any CPU.Build.0 = Debug|Any CPU
		{1A5A197D-FAFB-483A-B4F5-58FAF2A57E78}.Debug|x86.ActiveCfg = Debug|Any CPU
		{1A5A197D-FAFB-483A-B4F5-58FAF2A57E78}.Debug|x86.Build.0 = Debug|Any CPU
		{1A5A197D-FAFB-483A-B4F5-58FAF2A57E78}.Release|Any CPU.ActiveCfg = Release|Any CPU
		{1A5A197D-FAFB-483A-B4F5-58FAF2A57E78}.Release|Any CPU.Build.0 = Release|Any CPU
		{1A5A197D-FAFB-483A-B4F5-58FAF2A57E78}.Release|x86.ActiveCfg = Release|Any CPU
		{1A5A197D-FAFB-483A-B4F5-58FAF2A57E78}.Release|x86.Build.0 = Release|Any CPU
		{25734C18-1391-477C-B67B-0FC9CC207254}.Debug|Any CPU.ActiveCfg = Debug|Any CPU
		{25734C18-1391-477C-B67B-0FC9CC207254}.Debug|Any CPU.Build.0 = Debug|Any CPU
		{25734C18-1391-477C-B67B-0FC9CC207254}.Debug|x86.ActiveCfg = Debug|Any CPU
		{25734C18-1391-477C-B67B-0FC9CC207254}.Debug|x86.Build.0 = Debug|Any CPU
		{25734C18-1391-477C-B67B-0FC9CC207254}.Release|Any CPU.ActiveCfg = Release|Any CPU
		{25734C18-1391-477C-B67B-0FC9CC207254}.Release|Any CPU.Build.0 = Release|Any CPU
		{25734C18-1391-477C-B67B-0FC9CC207254}.Release|x86.ActiveCfg = Release|Any CPU
		{25734C18-1391-477C-B67B-0FC9CC207254}.Release|x86.Build.0 = Release|Any CPU
		{6E82B4A6-98CA-4544-9CEB-28D5859C903C}.Debug|Any CPU.ActiveCfg = Debug|Any CPU
		{6E82B4A6-98CA-4544-9CEB-28D5859C903C}.Debug|Any CPU.Build.0 = Debug|Any CPU
		{6E82B4A6-98CA-4544-9CEB-28D5859C903C}.Debug|x86.ActiveCfg = Debug|Any CPU
		{6E82B4A6-98CA-4544-9CEB-28D5859C903C}.Debug|x86.Build.0 = Debug|Any CPU
		{6E82B4A6-98CA-4544-9CEB-28D5859C903C}.Release|Any CPU.ActiveCfg = Release|Any CPU
		{6E82B4A6-98CA-4544-9CEB-28D5859C903C}.Release|Any CPU.Build.0 = Release|Any CPU
		{6E82B4A6-98CA-4544-9CEB-28D5859C903C}.Release|x86.ActiveCfg = Release|Any CPU
		{6E82B4A6-98CA-4544-9CEB-28D5859C903C}.Release|x86.Build.0 = Release|Any CPU
		{42754B7B-8C61-4968-86DB-E24D2CF2A18A}.Debug|Any CPU.ActiveCfg = Debug|Any CPU
		{42754B7B-8C61-4968-86DB-E24D2CF2A18A}.Debug|Any CPU.Build.0 = Debug|Any CPU
		{42754B7B-8C61-4968-86DB-E24D2CF2A18A}.Debug|x86.ActiveCfg = Debug|Any CPU
		{42754B7B-8C61-4968-86DB-E24D2CF2A18A}.Debug|x86.Build.0 = Debug|Any CPU
		{42754B7B-8C61-4968-86DB-E24D2CF2A18A}.Release|Any CPU.ActiveCfg = Release|Any CPU
		{42754B7B-8C61-4968-86DB-E24D2CF2A18A}.Release|Any CPU.Build.0 = Release|Any CPU
		{42754B7B-8C61-4968-86DB-E24D2CF2A18A}.Release|x86.ActiveCfg = Release|Any CPU
		{42754B7B-8C61-4968-86DB-E24D2CF2A18A}.Release|x86.Build.0 = Release|Any CPU
		{C5E5802D-6A45-4FE9-BAE7-5F0AE91D72C1}.Debug|Any CPU.ActiveCfg = Debug|Any CPU
		{C5E5802D-6A45-4FE9-BAE7-5F0AE91D72C1}.Debug|Any CPU.Build.0 = Debug|Any CPU
		{C5E5802D-6A45-4FE9-BAE7-5F0AE91D72C1}.Debug|x86.ActiveCfg = Debug|x86
		{C5E5802D-6A45-4FE9-BAE7-5F0AE91D72C1}.Debug|x86.Build.0 = Debug|x86
		{C5E5802D-6A45-4FE9-BAE7-5F0AE91D72C1}.Release|Any CPU.ActiveCfg = Release|Any CPU
		{C5E5802D-6A45-4FE9-BAE7-5F0AE91D72C1}.Release|Any CPU.Build.0 = Release|Any CPU
		{C5E5802D-6A45-4FE9-BAE7-5F0AE91D72C1}.Release|x86.ActiveCfg = Release|x86
		{C5E5802D-6A45-4FE9-BAE7-5F0AE91D72C1}.Release|x86.Build.0 = Release|x86
		{465C39BB-046B-4958-94E7-BDDBE066DD28}.Debug|Any CPU.ActiveCfg = Debug|Any CPU
		{465C39BB-046B-4958-94E7-BDDBE066DD28}.Debug|Any CPU.Build.0 = Debug|Any CPU
		{465C39BB-046B-4958-94E7-BDDBE066DD28}.Debug|x86.ActiveCfg = Debug|Any CPU
		{465C39BB-046B-4958-94E7-BDDBE066DD28}.Debug|x86.Build.0 = Debug|Any CPU
		{465C39BB-046B-4958-94E7-BDDBE066DD28}.Release|Any CPU.ActiveCfg = Release|Any CPU
		{465C39BB-046B-4958-94E7-BDDBE066DD28}.Release|Any CPU.Build.0 = Release|Any CPU
		{465C39BB-046B-4958-94E7-BDDBE066DD28}.Release|x86.ActiveCfg = Release|Any CPU
		{465C39BB-046B-4958-94E7-BDDBE066DD28}.Release|x86.Build.0 = Release|Any CPU
		{2BE6FEC1-990A-4BC9-8A7B-3BE8A13E4300}.Debug|Any CPU.ActiveCfg = Debug|Any CPU
		{2BE6FEC1-990A-4BC9-8A7B-3BE8A13E4300}.Debug|Any CPU.Build.0 = Debug|Any CPU
		{2BE6FEC1-990A-4BC9-8A7B-3BE8A13E4300}.Debug|x86.ActiveCfg = Debug|Any CPU
		{2BE6FEC1-990A-4BC9-8A7B-3BE8A13E4300}.Debug|x86.Build.0 = Debug|Any CPU
		{2BE6FEC1-990A-4BC9-8A7B-3BE8A13E4300}.Release|Any CPU.ActiveCfg = Release|Any CPU
		{2BE6FEC1-990A-4BC9-8A7B-3BE8A13E4300}.Release|Any CPU.Build.0 = Release|Any CPU
		{2BE6FEC1-990A-4BC9-8A7B-3BE8A13E4300}.Release|x86.ActiveCfg = Release|Any CPU
		{2BE6FEC1-990A-4BC9-8A7B-3BE8A13E4300}.Release|x86.Build.0 = Release|Any CPU
		{28D41FED-393C-445D-BA6A-8AE11F2EEBCB}.Debug|Any CPU.ActiveCfg = Debug|Any CPU
		{28D41FED-393C-445D-BA6A-8AE11F2EEBCB}.Debug|Any CPU.Build.0 = Debug|Any CPU
		{28D41FED-393C-445D-BA6A-8AE11F2EEBCB}.Debug|x86.ActiveCfg = Debug|Any CPU
		{28D41FED-393C-445D-BA6A-8AE11F2EEBCB}.Debug|x86.Build.0 = Debug|Any CPU
		{28D41FED-393C-445D-BA6A-8AE11F2EEBCB}.Release|Any CPU.ActiveCfg = Release|Any CPU
		{28D41FED-393C-445D-BA6A-8AE11F2EEBCB}.Release|Any CPU.Build.0 = Release|Any CPU
		{28D41FED-393C-445D-BA6A-8AE11F2EEBCB}.Release|x86.ActiveCfg = Release|Any CPU
		{28D41FED-393C-445D-BA6A-8AE11F2EEBCB}.Release|x86.Build.0 = Release|Any CPU
		{8FFF6B21-759B-43F5-B04D-E1B544CECD6F}.Debug|Any CPU.ActiveCfg = Debug|Any CPU
		{8FFF6B21-759B-43F5-B04D-E1B544CECD6F}.Debug|Any CPU.Build.0 = Debug|Any CPU
		{8FFF6B21-759B-43F5-B04D-E1B544CECD6F}.Debug|x86.ActiveCfg = Debug|Any CPU
		{8FFF6B21-759B-43F5-B04D-E1B544CECD6F}.Debug|x86.Build.0 = Debug|Any CPU
		{8FFF6B21-759B-43F5-B04D-E1B544CECD6F}.Release|Any CPU.ActiveCfg = Release|Any CPU
		{8FFF6B21-759B-43F5-B04D-E1B544CECD6F}.Release|Any CPU.Build.0 = Release|Any CPU
		{8FFF6B21-759B-43F5-B04D-E1B544CECD6F}.Release|x86.ActiveCfg = Release|Any CPU
		{8FFF6B21-759B-43F5-B04D-E1B544CECD6F}.Release|x86.Build.0 = Release|Any CPU
		{A1F89A83-4C47-4F04-9638-41E7D9E46AF0}.Debug|Any CPU.ActiveCfg = Debug|Any CPU
		{A1F89A83-4C47-4F04-9638-41E7D9E46AF0}.Debug|Any CPU.Build.0 = Debug|Any CPU
		{A1F89A83-4C47-4F04-9638-41E7D9E46AF0}.Debug|x86.ActiveCfg = Debug|Any CPU
		{A1F89A83-4C47-4F04-9638-41E7D9E46AF0}.Debug|x86.Build.0 = Debug|Any CPU
		{A1F89A83-4C47-4F04-9638-41E7D9E46AF0}.Release|Any CPU.ActiveCfg = Release|Any CPU
		{A1F89A83-4C47-4F04-9638-41E7D9E46AF0}.Release|Any CPU.Build.0 = Release|Any CPU
		{A1F89A83-4C47-4F04-9638-41E7D9E46AF0}.Release|x86.ActiveCfg = Release|Any CPU
		{A1F89A83-4C47-4F04-9638-41E7D9E46AF0}.Release|x86.Build.0 = Release|Any CPU
		{5AC0539D-36B9-4496-B2E7-2CB3EA7DFD39}.Debug|Any CPU.ActiveCfg = Debug|Any CPU
		{5AC0539D-36B9-4496-B2E7-2CB3EA7DFD39}.Debug|Any CPU.Build.0 = Debug|Any CPU
		{5AC0539D-36B9-4496-B2E7-2CB3EA7DFD39}.Debug|x86.ActiveCfg = Debug|Any CPU
		{5AC0539D-36B9-4496-B2E7-2CB3EA7DFD39}.Debug|x86.Build.0 = Debug|Any CPU
		{5AC0539D-36B9-4496-B2E7-2CB3EA7DFD39}.Release|Any CPU.ActiveCfg = Release|Any CPU
		{5AC0539D-36B9-4496-B2E7-2CB3EA7DFD39}.Release|Any CPU.Build.0 = Release|Any CPU
		{5AC0539D-36B9-4496-B2E7-2CB3EA7DFD39}.Release|x86.ActiveCfg = Release|Any CPU
		{5AC0539D-36B9-4496-B2E7-2CB3EA7DFD39}.Release|x86.Build.0 = Release|Any CPU
		{5BE04AC7-D592-4CEC-8E7C-D4BB68DC37BA}.Debug|Any CPU.ActiveCfg = Debug|Any CPU
		{5BE04AC7-D592-4CEC-8E7C-D4BB68DC37BA}.Debug|Any CPU.Build.0 = Debug|Any CPU
		{5BE04AC7-D592-4CEC-8E7C-D4BB68DC37BA}.Debug|x86.ActiveCfg = Debug|Any CPU
		{5BE04AC7-D592-4CEC-8E7C-D4BB68DC37BA}.Debug|x86.Build.0 = Debug|Any CPU
		{5BE04AC7-D592-4CEC-8E7C-D4BB68DC37BA}.Release|Any CPU.ActiveCfg = Release|Any CPU
		{5BE04AC7-D592-4CEC-8E7C-D4BB68DC37BA}.Release|Any CPU.Build.0 = Release|Any CPU
		{5BE04AC7-D592-4CEC-8E7C-D4BB68DC37BA}.Release|x86.ActiveCfg = Release|Any CPU
		{5BE04AC7-D592-4CEC-8E7C-D4BB68DC37BA}.Release|x86.Build.0 = Release|Any CPU
		{9B062971-A88E-4A3D-B3C9-12B78D15FA66}.Debug|Any CPU.ActiveCfg = Debug|Any CPU
		{9B062971-A88E-4A3D-B3C9-12B78D15FA66}.Debug|Any CPU.Build.0 = Debug|Any CPU
		{9B062971-A88E-4A3D-B3C9-12B78D15FA66}.Debug|x86.ActiveCfg = Debug|Any CPU
		{9B062971-A88E-4A3D-B3C9-12B78D15FA66}.Debug|x86.Build.0 = Debug|Any CPU
		{9B062971-A88E-4A3D-B3C9-12B78D15FA66}.Release|Any CPU.ActiveCfg = Release|Any CPU
		{9B062971-A88E-4A3D-B3C9-12B78D15FA66}.Release|Any CPU.Build.0 = Release|Any CPU
		{9B062971-A88E-4A3D-B3C9-12B78D15FA66}.Release|x86.ActiveCfg = Release|Any CPU
		{9B062971-A88E-4A3D-B3C9-12B78D15FA66}.Release|x86.Build.0 = Release|Any CPU
		{F7907A0A-B75F-400B-9E78-BFAD00DB4D6B}.Debug|Any CPU.ActiveCfg = Debug|Any CPU
		{F7907A0A-B75F-400B-9E78-BFAD00DB4D6B}.Debug|Any CPU.Build.0 = Debug|Any CPU
		{F7907A0A-B75F-400B-9E78-BFAD00DB4D6B}.Debug|x86.ActiveCfg = Debug|Any CPU
		{F7907A0A-B75F-400B-9E78-BFAD00DB4D6B}.Debug|x86.Build.0 = Debug|Any CPU
		{F7907A0A-B75F-400B-9E78-BFAD00DB4D6B}.Release|Any CPU.ActiveCfg = Release|Any CPU
		{F7907A0A-B75F-400B-9E78-BFAD00DB4D6B}.Release|Any CPU.Build.0 = Release|Any CPU
		{F7907A0A-B75F-400B-9E78-BFAD00DB4D6B}.Release|x86.ActiveCfg = Release|Any CPU
		{F7907A0A-B75F-400B-9E78-BFAD00DB4D6B}.Release|x86.Build.0 = Release|Any CPU
		{519C1040-B4FD-4A7B-A726-D95C078D1B7E}.Debug|Any CPU.ActiveCfg = Debug|Any CPU
		{519C1040-B4FD-4A7B-A726-D95C078D1B7E}.Debug|Any CPU.Build.0 = Debug|Any CPU
		{519C1040-B4FD-4A7B-A726-D95C078D1B7E}.Debug|x86.ActiveCfg = Debug|Any CPU
		{519C1040-B4FD-4A7B-A726-D95C078D1B7E}.Debug|x86.Build.0 = Debug|Any CPU
		{519C1040-B4FD-4A7B-A726-D95C078D1B7E}.Release|Any CPU.ActiveCfg = Release|Any CPU
		{519C1040-B4FD-4A7B-A726-D95C078D1B7E}.Release|Any CPU.Build.0 = Release|Any CPU
		{519C1040-B4FD-4A7B-A726-D95C078D1B7E}.Release|x86.ActiveCfg = Release|Any CPU
		{519C1040-B4FD-4A7B-A726-D95C078D1B7E}.Release|x86.Build.0 = Release|Any CPU
		{1CBFC6B8-5501-4D5F-8734-C3E448CD2865}.Debug|Any CPU.ActiveCfg = Debug|Any CPU
		{1CBFC6B8-5501-4D5F-8734-C3E448CD2865}.Debug|Any CPU.Build.0 = Debug|Any CPU
		{1CBFC6B8-5501-4D5F-8734-C3E448CD2865}.Debug|x86.ActiveCfg = Debug|Any CPU
		{1CBFC6B8-5501-4D5F-8734-C3E448CD2865}.Debug|x86.Build.0 = Debug|Any CPU
		{1CBFC6B8-5501-4D5F-8734-C3E448CD2865}.Release|Any CPU.ActiveCfg = Release|Any CPU
		{1CBFC6B8-5501-4D5F-8734-C3E448CD2865}.Release|Any CPU.Build.0 = Release|Any CPU
		{1CBFC6B8-5501-4D5F-8734-C3E448CD2865}.Release|x86.ActiveCfg = Release|Any CPU
		{1CBFC6B8-5501-4D5F-8734-C3E448CD2865}.Release|x86.Build.0 = Release|Any CPU
		{FFC27947-BB4C-4D0A-A669-7A41741F9D28}.Debug|Any CPU.ActiveCfg = Debug|Any CPU
		{FFC27947-BB4C-4D0A-A669-7A41741F9D28}.Debug|Any CPU.Build.0 = Debug|Any CPU
		{FFC27947-BB4C-4D0A-A669-7A41741F9D28}.Debug|x86.ActiveCfg = Debug|Any CPU
		{FFC27947-BB4C-4D0A-A669-7A41741F9D28}.Debug|x86.Build.0 = Debug|Any CPU
		{FFC27947-BB4C-4D0A-A669-7A41741F9D28}.Release|Any CPU.ActiveCfg = Release|Any CPU
		{FFC27947-BB4C-4D0A-A669-7A41741F9D28}.Release|Any CPU.Build.0 = Release|Any CPU
		{FFC27947-BB4C-4D0A-A669-7A41741F9D28}.Release|x86.ActiveCfg = Release|Any CPU
		{FFC27947-BB4C-4D0A-A669-7A41741F9D28}.Release|x86.Build.0 = Release|Any CPU
	EndGlobalSection
	GlobalSection(SolutionProperties) = preSolution
		HideSolutionNode = FALSE
	EndGlobalSection
	GlobalSection(ExtensibilityGlobals) = postSolution
		SolutionGuid = {FBAB5B50-8847-496E-9524-D807D57CAD6B}
	EndGlobalSection
EndGlobal
